// !$*UTF8*$!
{
	archiveVersion = 1;
	classes = {
	};
	objectVersion = 46;
	objects = {

/* Begin PBXBuildFile section */
		102984B01F2051B6000A31C6 /* main.m in Sources */ = {isa = PBXBuildFile; fileRef = 102984AF1F2051B6000A31C6 /* main.m */; };
		102984B31F2051B6000A31C6 /* AppDelegate.m in Sources */ = {isa = PBXBuildFile; fileRef = 102984B21F2051B6000A31C6 /* AppDelegate.m */; };
		102984B91F2051B6000A31C6 /* Main.storyboard in Resources */ = {isa = PBXBuildFile; fileRef = 102984B71F2051B6000A31C6 /* Main.storyboard */; };
		102984BB1F2051B6000A31C6 /* Assets.xcassets in Resources */ = {isa = PBXBuildFile; fileRef = 102984BA1F2051B6000A31C6 /* Assets.xcassets */; };
		102984BE1F2051B6000A31C6 /* LaunchScreen.storyboard in Resources */ = {isa = PBXBuildFile; fileRef = 102984BC1F2051B6000A31C6 /* LaunchScreen.storyboard */; };
		109E98091E51D2B44BF592FA /* libPods-django-notification.a in Frameworks */ = {isa = PBXBuildFile; fileRef = 037DA9F454C6CDCE83081A73 /* libPods-django-notification.a */; };
		10AA7B301F3BFCBE00412688 /* Base_ViewController.m in Sources */ = {isa = PBXBuildFile; fileRef = 10AA7B2B1F3BFCBE00412688 /* Base_ViewController.m */; };
		10AA7B311F3BFCBE00412688 /* FirstScreeen_ViewController.m in Sources */ = {isa = PBXBuildFile; fileRef = 10AA7B2D1F3BFCBE00412688 /* FirstScreeen_ViewController.m */; };
		10AA7B321F3BFCBE00412688 /* ViewController.m in Sources */ = {isa = PBXBuildFile; fileRef = 10AA7B2F1F3BFCBE00412688 /* ViewController.m */; };
		10AA7B351F3BFFAE00412688 /* logo.png in Resources */ = {isa = PBXBuildFile; fileRef = 10AA7B341F3BFFAE00412688 /* logo.png */; };
		10AA7B371F3C06E500412688 /* company_icon_logo.png in Resources */ = {isa = PBXBuildFile; fileRef = 10AA7B361F3C06E500412688 /* company_icon_logo.png */; };
		10EDC0451F39797E0034C7A5 /* Api.m in Sources */ = {isa = PBXBuildFile; fileRef = 10EDC0351F39797E0034C7A5 /* Api.m */; };
		10EDC0461F39797E0034C7A5 /* Configuration.m in Sources */ = {isa = PBXBuildFile; fileRef = 10EDC0381F39797E0034C7A5 /* Configuration.m */; };
		10EDC0471F39797E0034C7A5 /* InputCheck.m in Sources */ = {isa = PBXBuildFile; fileRef = 10EDC03B1F39797E0034C7A5 /* InputCheck.m */; };
		10EDC0481F39797E0034C7A5 /* SetColor.m in Sources */ = {isa = PBXBuildFile; fileRef = 10EDC03E1F39797E0034C7A5 /* SetColor.m */; };
		10EDC0491F39797E0034C7A5 /* UIColor+Hex.m in Sources */ = {isa = PBXBuildFile; fileRef = 10EDC0411F39797E0034C7A5 /* UIColor+Hex.m */; };
		10EDC04A1F39797E0034C7A5 /* Wheel_Callender_Library.m in Sources */ = {isa = PBXBuildFile; fileRef = 10EDC0441F39797E0034C7A5 /* Wheel_Callender_Library.m */; };
/* End PBXBuildFile section */

/* Begin PBXFileReference section */
		037DA9F454C6CDCE83081A73 /* libPods-django-notification.a */ = {isa = PBXFileReference; explicitFileType = archive.ar; includeInIndex = 0; path = "libPods-django-notification.a"; sourceTree = BUILT_PRODUCTS_DIR; };
		102984AB1F2051B6000A31C6 /* django-notification.app */ = {isa = PBXFileReference; explicitFileType = wrapper.application; includeInIndex = 0; path = "django-notification.app"; sourceTree = BUILT_PRODUCTS_DIR; };
		102984AF1F2051B6000A31C6 /* main.m */ = {isa = PBXFileReference; lastKnownFileType = sourcecode.c.objc; path = main.m; sourceTree = "<group>"; };
		102984B11F2051B6000A31C6 /* AppDelegate.h */ = {isa = PBXFileReference; lastKnownFileType = sourcecode.c.h; path = AppDelegate.h; sourceTree = "<group>"; };
		102984B21F2051B6000A31C6 /* AppDelegate.m */ = {isa = PBXFileReference; lastKnownFileType = sourcecode.c.objc; path = AppDelegate.m; sourceTree = "<group>"; };
		102984B81F2051B6000A31C6 /* Base */ = {isa = PBXFileReference; lastKnownFileType = file.storyboard; name = Base; path = Base.lproj/Main.storyboard; sourceTree = "<group>"; };
		102984BA1F2051B6000A31C6 /* Assets.xcassets */ = {isa = PBXFileReference; lastKnownFileType = folder.assetcatalog; path = Assets.xcassets; sourceTree = "<group>"; };
		102984BD1F2051B6000A31C6 /* Base */ = {isa = PBXFileReference; lastKnownFileType = file.storyboard; name = Base; path = Base.lproj/LaunchScreen.storyboard; sourceTree = "<group>"; };
		102984BF1F2051B6000A31C6 /* Info.plist */ = {isa = PBXFileReference; lastKnownFileType = text.plist.xml; path = Info.plist; sourceTree = "<group>"; };
		102984C51F205E6E000A31C6 /* django-notification.entitlements */ = {isa = PBXFileReference; lastKnownFileType = text.plist.entitlements; path = "django-notification.entitlements"; sourceTree = "<group>"; };
		10A42F171F398EFC00ACC927 /* django-notification-Prefix.pch */ = {isa = PBXFileReference; lastKnownFileType = sourcecode.c.h; path = "django-notification-Prefix.pch"; sourceTree = "<group>"; };
		10AA7B2A1F3BFCBE00412688 /* Base_ViewController.h */ = {isa = PBXFileReference; fileEncoding = 4; lastKnownFileType = sourcecode.c.h; path = Base_ViewController.h; sourceTree = "<group>"; };
		10AA7B2B1F3BFCBE00412688 /* Base_ViewController.m */ = {isa = PBXFileReference; fileEncoding = 4; lastKnownFileType = sourcecode.c.objc; path = Base_ViewController.m; sourceTree = "<group>"; };
		10AA7B2C1F3BFCBE00412688 /* FirstScreeen_ViewController.h */ = {isa = PBXFileReference; fileEncoding = 4; lastKnownFileType = sourcecode.c.h; path = FirstScreeen_ViewController.h; sourceTree = "<group>"; };
		10AA7B2D1F3BFCBE00412688 /* FirstScreeen_ViewController.m */ = {isa = PBXFileReference; fileEncoding = 4; lastKnownFileType = sourcecode.c.objc; path = FirstScreeen_ViewController.m; sourceTree = "<group>"; };
		10AA7B2E1F3BFCBE00412688 /* ViewController.h */ = {isa = PBXFileReference; fileEncoding = 4; lastKnownFileType = sourcecode.c.h; path = ViewController.h; sourceTree = "<group>"; };
		10AA7B2F1F3BFCBE00412688 /* ViewController.m */ = {isa = PBXFileReference; fileEncoding = 4; lastKnownFileType = sourcecode.c.objc; path = ViewController.m; sourceTree = "<group>"; };
		10AA7B341F3BFFAE00412688 /* logo.png */ = {isa = PBXFileReference; lastKnownFileType = image.png; path = logo.png; sourceTree = "<group>"; };
		10AA7B361F3C06E500412688 /* company_icon_logo.png */ = {isa = PBXFileReference; lastKnownFileType = image.png; path = company_icon_logo.png; sourceTree = "<group>"; };
		10EDC0341F39797E0034C7A5 /* Api.h */ = {isa = PBXFileReference; fileEncoding = 4; lastKnownFileType = sourcecode.c.h; path = Api.h; sourceTree = "<group>"; };
		10EDC0351F39797E0034C7A5 /* Api.m */ = {isa = PBXFileReference; fileEncoding = 4; lastKnownFileType = sourcecode.c.objc; path = Api.m; sourceTree = "<group>"; };
		10EDC0371F39797E0034C7A5 /* Configuration.h */ = {isa = PBXFileReference; fileEncoding = 4; lastKnownFileType = sourcecode.c.h; path = Configuration.h; sourceTree = "<group>"; };
		10EDC0381F39797E0034C7A5 /* Configuration.m */ = {isa = PBXFileReference; fileEncoding = 4; lastKnownFileType = sourcecode.c.objc; path = Configuration.m; sourceTree = "<group>"; };
		10EDC03A1F39797E0034C7A5 /* InputCheck.h */ = {isa = PBXFileReference; fileEncoding = 4; lastKnownFileType = sourcecode.c.h; path = InputCheck.h; sourceTree = "<group>"; };
		10EDC03B1F39797E0034C7A5 /* InputCheck.m */ = {isa = PBXFileReference; fileEncoding = 4; lastKnownFileType = sourcecode.c.objc; path = InputCheck.m; sourceTree = "<group>"; };
		10EDC03D1F39797E0034C7A5 /* SetColor.h */ = {isa = PBXFileReference; fileEncoding = 4; lastKnownFileType = sourcecode.c.h; path = SetColor.h; sourceTree = "<group>"; };
		10EDC03E1F39797E0034C7A5 /* SetColor.m */ = {isa = PBXFileReference; fileEncoding = 4; lastKnownFileType = sourcecode.c.objc; path = SetColor.m; sourceTree = "<group>"; };
		10EDC0401F39797E0034C7A5 /* UIColor+Hex.h */ = {isa = PBXFileReference; fileEncoding = 4; lastKnownFileType = sourcecode.c.h; path = "UIColor+Hex.h"; sourceTree = "<group>"; };
		10EDC0411F39797E0034C7A5 /* UIColor+Hex.m */ = {isa = PBXFileReference; fileEncoding = 4; lastKnownFileType = sourcecode.c.objc; path = "UIColor+Hex.m"; sourceTree = "<group>"; };
		10EDC0431F39797E0034C7A5 /* Wheel_Callender_Library.h */ = {isa = PBXFileReference; fileEncoding = 4; lastKnownFileType = sourcecode.c.h; path = Wheel_Callender_Library.h; sourceTree = "<group>"; };
		10EDC0441F39797E0034C7A5 /* Wheel_Callender_Library.m */ = {isa = PBXFileReference; fileEncoding = 4; lastKnownFileType = sourcecode.c.objc; path = Wheel_Callender_Library.m; sourceTree = "<group>"; };
		CF203F7617628F09197F94EC /* Pods-django-notification.release.xcconfig */ = {isa = PBXFileReference; includeInIndex = 1; lastKnownFileType = text.xcconfig; name = "Pods-django-notification.release.xcconfig"; path = "Pods/Target Support Files/Pods-django-notification/Pods-django-notification.release.xcconfig"; sourceTree = "<group>"; };
		E1E5B27B9BE1B71D766115DC /* Pods-django-notification.debug.xcconfig */ = {isa = PBXFileReference; includeInIndex = 1; lastKnownFileType = text.xcconfig; name = "Pods-django-notification.debug.xcconfig"; path = "Pods/Target Support Files/Pods-django-notification/Pods-django-notification.debug.xcconfig"; sourceTree = "<group>"; };
/* End PBXFileReference section */

/* Begin PBXFrameworksBuildPhase section */
		102984A81F2051B6000A31C6 /* Frameworks */ = {
			isa = PBXFrameworksBuildPhase;
			buildActionMask = 2147483647;
			files = (
				109E98091E51D2B44BF592FA /* libPods-django-notification.a in Frameworks */,
			);
			runOnlyForDeploymentPostprocessing = 0;
		};
/* End PBXFrameworksBuildPhase section */

/* Begin PBXGroup section */
		102984A21F2051B6000A31C6 = {
			isa = PBXGroup;
			children = (
				102984AD1F2051B6000A31C6 /* django-notification */,
				102984AC1F2051B6000A31C6 /* Products */,
				2A70790099142A31474E6CE0 /* Pods */,
				C41C7EDD4B57EAA316C71E12 /* Frameworks */,
			);
			sourceTree = "<group>";
		};
		102984AC1F2051B6000A31C6 /* Products */ = {
			isa = PBXGroup;
			children = (
				102984AB1F2051B6000A31C6 /* django-notification.app */,
			);
			name = Products;
			sourceTree = "<group>";
		};
		102984AD1F2051B6000A31C6 /* django-notification */ = {
			isa = PBXGroup;
			children = (
				102984C51F205E6E000A31C6 /* django-notification.entitlements */,
				102984B11F2051B6000A31C6 /* AppDelegate.h */,
				102984B21F2051B6000A31C6 /* AppDelegate.m */,
				10EDC0321F39797E0034C7A5 /* Library */,
				10AA7B331F3BFFAE00412688 /* Resource */,
				10AA7B281F3BFCBE00412688 /* models */,
				10AA7B291F3BFCBE00412688 /* views */,
				102984BA1F2051B6000A31C6 /* Assets.xcassets */,
				102984BF1F2051B6000A31C6 /* Info.plist */,
				102984AE1F2051B6000A31C6 /* Supporting Files */,
				10A42F171F398EFC00ACC927 /* django-notification-Prefix.pch */,
			);
			path = "django-notification";
			sourceTree = "<group>";
		};
		102984AE1F2051B6000A31C6 /* Supporting Files */ = {
			isa = PBXGroup;
			children = (
				102984AF1F2051B6000A31C6 /* main.m */,
			);
			name = "Supporting Files";
			sourceTree = "<group>";
		};
		10AA7B281F3BFCBE00412688 /* models */ = {
			isa = PBXGroup;
			children = (
			);
			path = models;
			sourceTree = "<group>";
		};
		10AA7B291F3BFCBE00412688 /* views */ = {
			isa = PBXGroup;
			children = (
				102984BC1F2051B6000A31C6 /* LaunchScreen.storyboard */,
				102984B71F2051B6000A31C6 /* Main.storyboard */,
				10AA7B2A1F3BFCBE00412688 /* Base_ViewController.h */,
				10AA7B2B1F3BFCBE00412688 /* Base_ViewController.m */,
				10AA7B2C1F3BFCBE00412688 /* FirstScreeen_ViewController.h */,
				10AA7B2D1F3BFCBE00412688 /* FirstScreeen_ViewController.m */,
				10AA7B2E1F3BFCBE00412688 /* ViewController.h */,
				10AA7B2F1F3BFCBE00412688 /* ViewController.m */,
			);
			path = views;
			sourceTree = "<group>";
		};
		10AA7B331F3BFFAE00412688 /* Resource */ = {
			isa = PBXGroup;
			children = (
				10AA7B361F3C06E500412688 /* company_icon_logo.png */,
				10AA7B341F3BFFAE00412688 /* logo.png */,
			);
			path = Resource;
			sourceTree = "<group>";
		};
		10BE15901F3D5DC10007641A /* CostomTabbar */ = {
			isa = PBXGroup;
			children = (
			);
			path = CostomTabbar;
			sourceTree = "<group>";
		};
		10EDC0321F39797E0034C7A5 /* Library */ = {
			isa = PBXGroup;
			children = (
				10EDC0331F39797E0034C7A5 /* API */,
				10EDC0361F39797E0034C7A5 /* Configuration */,
				10BE15901F3D5DC10007641A /* CostomTabbar */,
				10EDC0391F39797E0034C7A5 /* InputCheck */,
				10EDC03C1F39797E0034C7A5 /* SetColor */,
				10EDC03F1F39797E0034C7A5 /* UIColor+Hex */,
				10EDC0421F39797E0034C7A5 /* Wheel_Callender_Library */,
			);
			path = Library;
			sourceTree = "<group>";
		};
		10EDC0331F39797E0034C7A5 /* API */ = {
			isa = PBXGroup;
			children = (
				10EDC0341F39797E0034C7A5 /* Api.h */,
				10EDC0351F39797E0034C7A5 /* Api.m */,
			);
			path = API;
			sourceTree = "<group>";
		};
		10EDC0361F39797E0034C7A5 /* Configuration */ = {
			isa = PBXGroup;
			children = (
				10EDC0371F39797E0034C7A5 /* Configuration.h */,
				10EDC0381F39797E0034C7A5 /* Configuration.m */,
			);
			path = Configuration;
			sourceTree = "<group>";
		};
		10EDC0391F39797E0034C7A5 /* InputCheck */ = {
			isa = PBXGroup;
			children = (
				10EDC03A1F39797E0034C7A5 /* InputCheck.h */,
				10EDC03B1F39797E0034C7A5 /* InputCheck.m */,
			);
			path = InputCheck;
			sourceTree = "<group>";
		};
		10EDC03C1F39797E0034C7A5 /* SetColor */ = {
			isa = PBXGroup;
			children = (
				10EDC03D1F39797E0034C7A5 /* SetColor.h */,
				10EDC03E1F39797E0034C7A5 /* SetColor.m */,
			);
			path = SetColor;
			sourceTree = "<group>";
		};
		10EDC03F1F39797E0034C7A5 /* UIColor+Hex */ = {
			isa = PBXGroup;
			children = (
				10EDC0401F39797E0034C7A5 /* UIColor+Hex.h */,
				10EDC0411F39797E0034C7A5 /* UIColor+Hex.m */,
			);
			path = "UIColor+Hex";
			sourceTree = "<group>";
		};
		10EDC0421F39797E0034C7A5 /* Wheel_Callender_Library */ = {
			isa = PBXGroup;
			children = (
				10EDC0431F39797E0034C7A5 /* Wheel_Callender_Library.h */,
				10EDC0441F39797E0034C7A5 /* Wheel_Callender_Library.m */,
			);
			path = Wheel_Callender_Library;
			sourceTree = "<group>";
		};
		2A70790099142A31474E6CE0 /* Pods */ = {
			isa = PBXGroup;
			children = (
				E1E5B27B9BE1B71D766115DC /* Pods-django-notification.debug.xcconfig */,
				CF203F7617628F09197F94EC /* Pods-django-notification.release.xcconfig */,
			);
			name = Pods;
			sourceTree = "<group>";
		};
		C41C7EDD4B57EAA316C71E12 /* Frameworks */ = {
			isa = PBXGroup;
			children = (
				037DA9F454C6CDCE83081A73 /* libPods-django-notification.a */,
			);
			name = Frameworks;
			sourceTree = "<group>";
		};
/* End PBXGroup section */

/* Begin PBXNativeTarget section */
		102984AA1F2051B6000A31C6 /* django-notification */ = {
			isa = PBXNativeTarget;
			buildConfigurationList = 102984C21F2051B6000A31C6 /* Build configuration list for PBXNativeTarget "django-notification" */;
			buildPhases = (
				ED0B884BF7C1D7CFBDFEAE7D /* 📦 Check Pods Manifest.lock */,
				102984A71F2051B6000A31C6 /* Sources */,
				102984A81F2051B6000A31C6 /* Frameworks */,
				102984A91F2051B6000A31C6 /* Resources */,
				685F9D1F6298E8D5B8D371BB /* 📦 Embed Pods Frameworks */,
				D7016953066DB270357D9487 /* 📦 Copy Pods Resources */,
			);
			buildRules = (
			);
			dependencies = (
			);
			name = "django-notification";
			productName = "django-notification";
			productReference = 102984AB1F2051B6000A31C6 /* django-notification.app */;
			productType = "com.apple.product-type.application";
		};
/* End PBXNativeTarget section */

/* Begin PBXProject section */
		102984A31F2051B6000A31C6 /* Project object */ = {
			isa = PBXProject;
			attributes = {
				LastUpgradeCheck = 0830;
				ORGANIZATIONNAME = "Mobile Innovation.";
				TargetAttributes = {
					102984AA1F2051B6000A31C6 = {
						CreatedOnToolsVersion = 8.3.3;
						DevelopmentTeam = N5PT49EP9P;
						ProvisioningStyle = Manual;
						SystemCapabilities = {
							com.apple.Push = {
								enabled = 1;
							};
						};
					};
				};
			};
			buildConfigurationList = 102984A61F2051B6000A31C6 /* Build configuration list for PBXProject "django-notification" */;
			compatibilityVersion = "Xcode 3.2";
			developmentRegion = English;
			hasScannedForEncodings = 0;
			knownRegions = (
				en,
				Base,
			);
			mainGroup = 102984A21F2051B6000A31C6;
			productRefGroup = 102984AC1F2051B6000A31C6 /* Products */;
			projectDirPath = "";
			projectRoot = "";
			targets = (
				102984AA1F2051B6000A31C6 /* django-notification */,
			);
		};
/* End PBXProject section */

/* Begin PBXResourcesBuildPhase section */
		102984A91F2051B6000A31C6 /* Resources */ = {
			isa = PBXResourcesBuildPhase;
			buildActionMask = 2147483647;
			files = (
				10AA7B351F3BFFAE00412688 /* logo.png in Resources */,
				10AA7B371F3C06E500412688 /* company_icon_logo.png in Resources */,
				102984BE1F2051B6000A31C6 /* LaunchScreen.storyboard in Resources */,
				102984BB1F2051B6000A31C6 /* Assets.xcassets in Resources */,
				102984B91F2051B6000A31C6 /* Main.storyboard in Resources */,
			);
			runOnlyForDeploymentPostprocessing = 0;
		};
/* End PBXResourcesBuildPhase section */

/* Begin PBXShellScriptBuildPhase section */
		685F9D1F6298E8D5B8D371BB /* 📦 Embed Pods Frameworks */ = {
			isa = PBXShellScriptBuildPhase;
			buildActionMask = 2147483647;
			files = (
			);
			inputPaths = (
			);
			name = "📦 Embed Pods Frameworks";
			outputPaths = (
			);
			runOnlyForDeploymentPostprocessing = 0;
			shellPath = /bin/sh;
			shellScript = "\"${SRCROOT}/Pods/Target Support Files/Pods-django-notification/Pods-django-notification-frameworks.sh\"\n";
			showEnvVarsInLog = 0;
		};
		D7016953066DB270357D9487 /* 📦 Copy Pods Resources */ = {
			isa = PBXShellScriptBuildPhase;
			buildActionMask = 2147483647;
			files = (
			);
			inputPaths = (
			);
			name = "📦 Copy Pods Resources";
			outputPaths = (
			);
			runOnlyForDeploymentPostprocessing = 0;
			shellPath = /bin/sh;
			shellScript = "\"${SRCROOT}/Pods/Target Support Files/Pods-django-notification/Pods-django-notification-resources.sh\"\n";
			showEnvVarsInLog = 0;
		};
		ED0B884BF7C1D7CFBDFEAE7D /* 📦 Check Pods Manifest.lock */ = {
			isa = PBXShellScriptBuildPhase;
			buildActionMask = 2147483647;
			files = (
			);
			inputPaths = (
			);
			name = "📦 Check Pods Manifest.lock";
			outputPaths = (
			);
			runOnlyForDeploymentPostprocessing = 0;
			shellPath = /bin/sh;
			shellScript = "diff \"${PODS_ROOT}/../Podfile.lock\" \"${PODS_ROOT}/Manifest.lock\" > /dev/null\nif [[ $? != 0 ]] ; then\n    cat << EOM\nerror: The sandbox is not in sync with the Podfile.lock. Run 'pod install' or update your CocoaPods installation.\nEOM\n    exit 1\nfi\n";
			showEnvVarsInLog = 0;
		};
/* End PBXShellScriptBuildPhase section */

/* Begin PBXSourcesBuildPhase section */
		102984A71F2051B6000A31C6 /* Sources */ = {
			isa = PBXSourcesBuildPhase;
			buildActionMask = 2147483647;
			files = (
				10AA7B321F3BFCBE00412688 /* ViewController.m in Sources */,
				10EDC04A1F39797E0034C7A5 /* Wheel_Callender_Library.m in Sources */,
				10EDC0461F39797E0034C7A5 /* Configuration.m in Sources */,
				102984B31F2051B6000A31C6 /* AppDelegate.m in Sources */,
				10AA7B311F3BFCBE00412688 /* FirstScreeen_ViewController.m in Sources */,
				10EDC0471F39797E0034C7A5 /* InputCheck.m in Sources */,
				10AA7B301F3BFCBE00412688 /* Base_ViewController.m in Sources */,
				10EDC0451F39797E0034C7A5 /* Api.m in Sources */,
				10EDC0491F39797E0034C7A5 /* UIColor+Hex.m in Sources */,
				10EDC0481F39797E0034C7A5 /* SetColor.m in Sources */,
				102984B01F2051B6000A31C6 /* main.m in Sources */,
			);
			runOnlyForDeploymentPostprocessing = 0;
		};
/* End PBXSourcesBuildPhase section */

/* Begin PBXVariantGroup section */
		102984B71F2051B6000A31C6 /* Main.storyboard */ = {
			isa = PBXVariantGroup;
			children = (
				102984B81F2051B6000A31C6 /* Base */,
			);
			name = Main.storyboard;
			path = ..;
			sourceTree = "<group>";
		};
		102984BC1F2051B6000A31C6 /* LaunchScreen.storyboard */ = {
			isa = PBXVariantGroup;
			children = (
				102984BD1F2051B6000A31C6 /* Base */,
			);
			name = LaunchScreen.storyboard;
			path = ..;
			sourceTree = "<group>";
		};
/* End PBXVariantGroup section */

/* Begin XCBuildConfiguration section */
		102984C01F2051B6000A31C6 /* Debug */ = {
			isa = XCBuildConfiguration;
			buildSettings = {
				ALWAYS_SEARCH_USER_PATHS = NO;
				CLANG_ANALYZER_NONNULL = YES;
				CLANG_ANALYZER_NUMBER_OBJECT_CONVERSION = YES_AGGRESSIVE;
				CLANG_CXX_LANGUAGE_STANDARD = "gnu++0x";
				CLANG_CXX_LIBRARY = "libc++";
				CLANG_ENABLE_MODULES = YES;
				CLANG_ENABLE_OBJC_ARC = YES;
				CLANG_WARN_BOOL_CONVERSION = YES;
				CLANG_WARN_CONSTANT_CONVERSION = YES;
				CLANG_WARN_DIRECT_OBJC_ISA_USAGE = YES_ERROR;
				CLANG_WARN_DOCUMENTATION_COMMENTS = YES;
				CLANG_WARN_EMPTY_BODY = YES;
				CLANG_WARN_ENUM_CONVERSION = YES;
				CLANG_WARN_INFINITE_RECURSION = YES;
				CLANG_WARN_INT_CONVERSION = YES;
				CLANG_WARN_OBJC_ROOT_CLASS = YES_ERROR;
				CLANG_WARN_SUSPICIOUS_MOVE = YES;
				CLANG_WARN_UNREACHABLE_CODE = YES;
				CLANG_WARN__DUPLICATE_METHOD_MATCH = YES;
				"CODE_SIGN_IDENTITY[sdk=iphoneos*]" = "iPhone Developer";
				COPY_PHASE_STRIP = NO;
				DEBUG_INFORMATION_FORMAT = dwarf;
				ENABLE_STRICT_OBJC_MSGSEND = YES;
				ENABLE_TESTABILITY = YES;
				GCC_C_LANGUAGE_STANDARD = gnu99;
				GCC_DYNAMIC_NO_PIC = NO;
				GCC_NO_COMMON_BLOCKS = YES;
				GCC_OPTIMIZATION_LEVEL = 0;
				GCC_PREPROCESSOR_DEFINITIONS = (
					"DEBUG=1",
					"$(inherited)",
				);
				GCC_WARN_64_TO_32_BIT_CONVERSION = YES;
				GCC_WARN_ABOUT_RETURN_TYPE = YES_ERROR;
				GCC_WARN_UNDECLARED_SELECTOR = YES;
				GCC_WARN_UNINITIALIZED_AUTOS = YES_AGGRESSIVE;
				GCC_WARN_UNUSED_FUNCTION = YES;
				GCC_WARN_UNUSED_VARIABLE = YES;
				IPHONEOS_DEPLOYMENT_TARGET = 10.3;
				MTL_ENABLE_DEBUG_INFO = YES;
				ONLY_ACTIVE_ARCH = YES;
				SDKROOT = iphoneos;
				TARGETED_DEVICE_FAMILY = "1,2";
			};
			name = Debug;
		};
		102984C11F2051B6000A31C6 /* Release */ = {
			isa = XCBuildConfiguration;
			buildSettings = {
				ALWAYS_SEARCH_USER_PATHS = NO;
				CLANG_ANALYZER_NONNULL = YES;
				CLANG_ANALYZER_NUMBER_OBJECT_CONVERSION = YES_AGGRESSIVE;
				CLANG_CXX_LANGUAGE_STANDARD = "gnu++0x";
				CLANG_CXX_LIBRARY = "libc++";
				CLANG_ENABLE_MODULES = YES;
				CLANG_ENABLE_OBJC_ARC = YES;
				CLANG_WARN_BOOL_CONVERSION = YES;
				CLANG_WARN_CONSTANT_CONVERSION = YES;
				CLANG_WARN_DIRECT_OBJC_ISA_USAGE = YES_ERROR;
				CLANG_WARN_DOCUMENTATION_COMMENTS = YES;
				CLANG_WARN_EMPTY_BODY = YES;
				CLANG_WARN_ENUM_CONVERSION = YES;
				CLANG_WARN_INFINITE_RECURSION = YES;
				CLANG_WARN_INT_CONVERSION = YES;
				CLANG_WARN_OBJC_ROOT_CLASS = YES_ERROR;
				CLANG_WARN_SUSPICIOUS_MOVE = YES;
				CLANG_WARN_UNREACHABLE_CODE = YES;
				CLANG_WARN__DUPLICATE_METHOD_MATCH = YES;
				"CODE_SIGN_IDENTITY[sdk=iphoneos*]" = "iPhone Developer";
				COPY_PHASE_STRIP = NO;
				DEBUG_INFORMATION_FORMAT = "dwarf-with-dsym";
				ENABLE_NS_ASSERTIONS = NO;
				ENABLE_STRICT_OBJC_MSGSEND = YES;
				GCC_C_LANGUAGE_STANDARD = gnu99;
				GCC_NO_COMMON_BLOCKS = YES;
				GCC_WARN_64_TO_32_BIT_CONVERSION = YES;
				GCC_WARN_ABOUT_RETURN_TYPE = YES_ERROR;
				GCC_WARN_UNDECLARED_SELECTOR = YES;
				GCC_WARN_UNINITIALIZED_AUTOS = YES_AGGRESSIVE;
				GCC_WARN_UNUSED_FUNCTION = YES;
				GCC_WARN_UNUSED_VARIABLE = YES;
				IPHONEOS_DEPLOYMENT_TARGET = 10.3;
				MTL_ENABLE_DEBUG_INFO = NO;
				SDKROOT = iphoneos;
				TARGETED_DEVICE_FAMILY = "1,2";
				VALIDATE_PRODUCT = YES;
			};
			name = Release;
		};
		102984C31F2051B6000A31C6 /* Debug */ = {
			isa = XCBuildConfiguration;
			baseConfigurationReference = E1E5B27B9BE1B71D766115DC /* Pods-django-notification.debug.xcconfig */;
			buildSettings = {
				ASSETCATALOG_COMPILER_APPICON_NAME = AppIcon;
				CODE_SIGN_ENTITLEMENTS = "django-notification/django-notification.entitlements";
				DEVELOPMENT_TEAM = N5PT49EP9P;
				GCC_PREFIX_HEADER = "django-notification/django-notification-Prefix.pch";
				INFOPLIST_FILE = "django-notification/Info.plist";
				IPHONEOS_DEPLOYMENT_TARGET = 9.0;
				LD_RUNPATH_SEARCH_PATHS = "$(inherited) @executable_path/Frameworks";
				PRODUCT_BUNDLE_IDENTIFIER = "jp.mobile-innovation.django-notification";
				PRODUCT_NAME = "$(TARGET_NAME)";
				PROVISIONING_PROFILE = "fad5293c-c2e0-4bc7-bf75-168820302707";
				PROVISIONING_PROFILE_SPECIFIER = Django_Notification_Development;
			};
			name = Debug;
		};
		102984C41F2051B6000A31C6 /* Release */ = {
			isa = XCBuildConfiguration;
			baseConfigurationReference = CF203F7617628F09197F94EC /* Pods-django-notification.release.xcconfig */;
			buildSettings = {
				ASSETCATALOG_COMPILER_APPICON_NAME = AppIcon;
				CODE_SIGN_ENTITLEMENTS = "django-notification/django-notification.entitlements";
				"CODE_SIGN_IDENTITY[sdk=iphoneos*]" = "iPhone Distribution";
				DEVELOPMENT_TEAM = N5PT49EP9P;
				GCC_PREFIX_HEADER = "django-notification/django-notification-Prefix.pch";
				INFOPLIST_FILE = "django-notification/Info.plist";
				IPHONEOS_DEPLOYMENT_TARGET = 9.0;
				LD_RUNPATH_SEARCH_PATHS = "$(inherited) @executable_path/Frameworks";
				PRODUCT_BUNDLE_IDENTIFIER = "jp.mobile-innovation.django-notification";
				PRODUCT_NAME = "$(TARGET_NAME)";
				PROVISIONING_PROFILE = "1f830776-5b8c-4dc4-b2ba-cda28fa2635d";
				PROVISIONING_PROFILE_SPECIFIER = Django_Notification_Distribution;
			};
			name = Release;
		};
/* End XCBuildConfiguration section */

/* Begin XCConfigurationList section */
		102984A61F2051B6000A31C6 /* Build configuration list for PBXProject "django-notification" */ = {
			isa = XCConfigurationList;
			buildConfigurations = (
				102984C01F2051B6000A31C6 /* Debug */,
				102984C11F2051B6000A31C6 /* Release */,
			);
			defaultConfigurationIsVisible = 0;
			defaultConfigurationName = Release;
		};
		102984C21F2051B6000A31C6 /* Build configuration list for PBXNativeTarget "django-notification" */ = {
			isa = XCConfigurationList;
			buildConfigurations = (
				102984C31F2051B6000A31C6 /* Debug */,
				102984C41F2051B6000A31C6 /* Release */,
			);
			defaultConfigurationIsVisible = 0;
			defaultConfigurationName = Release;
		};
/* End XCConfigurationList section */
	};
	rootObject = 102984A31F2051B6000A31C6 /* Project object */;
}
